
Microsoft Visual Studio Solution File, Format Version 12.00
# Visual Studio Version 16
VisualStudioVersion = 16.0.29613.14
MinimumVisualStudioVersion = 10.0.40219.1
Project("{FAE04EC0-301F-11D3-BF4B-00C04F79EFBC}") = "OrderServiceCourse", "OrderServiceCourse\OrderServiceCourse.csproj", "{296ADCA3-A409-4FDE-B2E5-1564935FD2A7}"
EndProject
Global
	GlobalSection(SolutionConfigurationPlatforms) = preSolution
		Debug|Any CPU = Debug|Any CPU
		Release|Any CPU = Release|Any CPU
	EndGlobalSection
	GlobalSection(ProjectConfigurationPlatforms) = postSolution
		{296ADCA3-A409-4FDE-B2E5-1564935FD2A7}.Debug|Any CPU.ActiveCfg = Debug|Any CPU
		{296ADCA3-A409-4FDE-B2E5-1564935FD2A7}.Debug|Any CPU.Build.0 = Debug|Any CPU
		{296ADCA3-A409-4FDE-B2E5-1564935FD2A7}.Release|Any CPU.ActiveCfg = Release|Any CPU
		{296ADCA3-A409-4FDE-B2E5-1564935FD2A7}.Release|Any CPU.Build.0 = Release|Any CPU
	EndGlobalSection
	GlobalSection(SolutionProperties) = preSolution
		HideSolutionNode = FALSE
	EndGlobalSection
	GlobalSection(ExtensibilityGlobals) = postSolution
		SolutionGuid = {53D3299B-78BE-4CDD-BF61-3AAF4C071023}
	EndGlobalSection
EndGlobal
